
Microsoft Visual Studio Solution File, Format Version 12.00
# Visual Studio Version 17
VisualStudioVersion = 17.7.34031.279
MinimumVisualStudioVersion = 10.0.40219.1
Project("{9A19103F-16F7-4668-BE54-9A1E7A4F7556}") = "Lab2ready", "Lab2ready.csproj", "{4F613089-D3FB-4F7E-8850-E79801956547}"
EndProject
Project("{FAE04EC0-301F-11D3-BF4B-00C04F79EFBC}") = "Lab2.Tests", "Lab2.Tests\Lab2.Tests.csproj", "{CBF0AE13-C7F0-4E8A-AC7E-B638C41A9051}"
EndProject
Global
	GlobalSection(SolutionConfigurationPlatforms) = preSolution
		Debug|Any CPU = Debug|Any CPU
		Release|Any CPU = Release|Any CPU
	EndGlobalSection
	GlobalSection(ProjectConfigurationPlatforms) = postSolution
		{4F613089-D3FB-4F7E-8850-E79801956547}.Debug|Any CPU.ActiveCfg = Debug|Any CPU
		{4F613089-D3FB-4F7E-8850-E79801956547}.Debug|Any CPU.Build.0 = Debug|Any CPU
		{4F613089-D3FB-4F7E-8850-E79801956547}.Release|Any CPU.ActiveCfg = Release|Any CPU
		{4F613089-D3FB-4F7E-8850-E79801956547}.Release|Any CPU.Build.0 = Release|Any CPU
		{CBF0AE13-C7F0-4E8A-AC7E-B638C41A9051}.Debug|Any CPU.ActiveCfg = Debug|Any CPU
		{CBF0AE13-C7F0-4E8A-AC7E-B638C41A9051}.Debug|Any CPU.Build.0 = Debug|Any CPU
		{CBF0AE13-C7F0-4E8A-AC7E-B638C41A9051}.Release|Any CPU.ActiveCfg = Release|Any CPU
		{CBF0AE13-C7F0-4E8A-AC7E-B638C41A9051}.Release|Any CPU.Build.0 = Release|Any CPU
	EndGlobalSection
	GlobalSection(SolutionProperties) = preSolution
		HideSolutionNode = FALSE
	EndGlobalSection
	GlobalSection(ExtensibilityGlobals) = postSolution
		SolutionGuid = {C068718A-0085-4325-A107-90BE62DCF1B5}
	EndGlobalSection
EndGlobal
